
Microsoft Visual Studio Solution File, Format Version 12.00
# Visual Studio 2013
VisualStudioVersion = 12.0.21005.1
MinimumVisualStudioVersion = 10.0.40219.1
Project("{FAE04EC0-301F-11D3-BF4B-00C04F79EFBC}") = "BookReview", "BookReview\BookReview.csproj", "{E6091A0A-4733-4F6E-8110-7EED5F9383D3}"
EndProject
Project("{FAE04EC0-301F-11D3-BF4B-00C04F79EFBC}") = "BookTool", "BookTool\BookTool.csproj", "{F8308F04-60BE-43B0-803F-DC0363F48887}"
EndProject
Global
	GlobalSection(SolutionConfigurationPlatforms) = preSolution
		Debug|Any CPU = Debug|Any CPU
		Release|Any CPU = Release|Any CPU
	EndGlobalSection
	GlobalSection(ProjectConfigurationPlatforms) = postSolution
		{E6091A0A-4733-4F6E-8110-7EED5F9383D3}.Debug|Any CPU.ActiveCfg = Debug|Any CPU
		{E6091A0A-4733-4F6E-8110-7EED5F9383D3}.Debug|Any CPU.Build.0 = Debug|Any CPU
		{E6091A0A-4733-4F6E-8110-7EED5F9383D3}.Release|Any CPU.ActiveCfg = Release|Any CPU
		{E6091A0A-4733-4F6E-8110-7EED5F9383D3}.Release|Any CPU.Build.0 = Release|Any CPU
		{F8308F04-60BE-43B0-803F-DC0363F48887}.Debug|Any CPU.ActiveCfg = Debug|Any CPU
		{F8308F04-60BE-43B0-803F-DC0363F48887}.Debug|Any CPU.Build.0 = Debug|Any CPU
		{F8308F04-60BE-43B0-803F-DC0363F48887}.Release|Any CPU.ActiveCfg = Release|Any CPU
		{F8308F04-60BE-43B0-803F-DC0363F48887}.Release|Any CPU.Build.0 = Release|Any CPU
	EndGlobalSection
	GlobalSection(SolutionProperties) = preSolution
		HideSolutionNode = FALSE
	EndGlobalSection
EndGlobal
