
Microsoft Visual Studio Solution File, Format Version 12.00
# Visual Studio 2012
Project("{FAE04EC0-301F-11D3-BF4B-00C04F79EFBC}") = "BookReview", "BookReview.csproj", "{E6091A0A-4733-4F6E-8110-7EED5F9383D3}"
EndProject
Global
	GlobalSection(SolutionConfigurationPlatforms) = preSolution
		Debug|Any CPU = Debug|Any CPU
		Release|Any CPU = Release|Any CPU
	EndGlobalSection
	GlobalSection(ProjectConfigurationPlatforms) = postSolution
		{E6091A0A-4733-4F6E-8110-7EED5F9383D3}.Debug|Any CPU.ActiveCfg = Debug|Any CPU
		{E6091A0A-4733-4F6E-8110-7EED5F9383D3}.Debug|Any CPU.Build.0 = Debug|Any CPU
		{E6091A0A-4733-4F6E-8110-7EED5F9383D3}.Release|Any CPU.ActiveCfg = Release|Any CPU
		{E6091A0A-4733-4F6E-8110-7EED5F9383D3}.Release|Any CPU.Build.0 = Release|Any CPU
	EndGlobalSection
	GlobalSection(SolutionProperties) = preSolution
		HideSolutionNode = FALSE
	EndGlobalSection
EndGlobal
